// !$*UTF8*$!
{
	archiveVersion = 1;
	classes = {
	};
	objectVersion = 50;
	objects = {

/* Begin PBXBuildFile section */
		1C47C995229A6B73000625D0 /* StructClass.m in Sources */ = {isa = PBXBuildFile; fileRef = 1C47C994229A6B73000625D0 /* StructClass.m */; };
		1CC4C15A20C76B4300AE0241 /* AppDelegate.m in Sources */ = {isa = PBXBuildFile; fileRef = 1CC4C15920C76B4300AE0241 /* AppDelegate.m */; };
		1CC4C15D20C76B4300AE0241 /* ViewController.m in Sources */ = {isa = PBXBuildFile; fileRef = 1CC4C15C20C76B4300AE0241 /* ViewController.m */; };
		1CC4C16020C76B4300AE0241 /* Main.storyboard in Resources */ = {isa = PBXBuildFile; fileRef = 1CC4C15E20C76B4300AE0241 /* Main.storyboard */; };
		1CC4C16220C76B4400AE0241 /* Assets.xcassets in Resources */ = {isa = PBXBuildFile; fileRef = 1CC4C16120C76B4400AE0241 /* Assets.xcassets */; };
		1CC4C16520C76B4400AE0241 /* LaunchScreen.storyboard in Resources */ = {isa = PBXBuildFile; fileRef = 1CC4C16320C76B4400AE0241 /* LaunchScreen.storyboard */; };
		1CC4C16820C76B4400AE0241 /* main.m in Sources */ = {isa = PBXBuildFile; fileRef = 1CC4C16720C76B4400AE0241 /* main.m */; };
		1CC4C17220C76B4500AE0241 /* ClangDemoTests.m in Sources */ = {isa = PBXBuildFile; fileRef = 1CC4C17120C76B4500AE0241 /* ClangDemoTests.m */; };
		1CC4C17D20C76B4500AE0241 /* ClangDemoUITests.m in Sources */ = {isa = PBXBuildFile; fileRef = 1CC4C17C20C76B4500AE0241 /* ClangDemoUITests.m */; };
		1CC4C18D20C76B5D00AE0241 /* EOCEmpType.m in Sources */ = {isa = PBXBuildFile; fileRef = 1CC4C18C20C76B5D00AE0241 /* EOCEmpType.m */; };
		1CF6F0FB229A382500F7008C /* PointerTest.c in Sources */ = {isa = PBXBuildFile; fileRef = 1CF6F0FA229A382500F7008C /* PointerTest.c */; };
/* End PBXBuildFile section */

/* Begin PBXContainerItemProxy section */
		1CC4C16E20C76B4500AE0241 /* PBXContainerItemProxy */ = {
			isa = PBXContainerItemProxy;
			containerPortal = 1CC4C14D20C76B4300AE0241 /* Project object */;
			proxyType = 1;
			remoteGlobalIDString = 1CC4C15420C76B4300AE0241;
			remoteInfo = ClangDemo;
		};
		1CC4C17920C76B4500AE0241 /* PBXContainerItemProxy */ = {
			isa = PBXContainerItemProxy;
			containerPortal = 1CC4C14D20C76B4300AE0241 /* Project object */;
			proxyType = 1;
			remoteGlobalIDString = 1CC4C15420C76B4300AE0241;
			remoteInfo = ClangDemo;
		};
/* End PBXContainerItemProxy section */

/* Begin PBXFileReference section */
		1C47C993229A6B73000625D0 /* StructClass.h */ = {isa = PBXFileReference; lastKnownFileType = sourcecode.c.h; path = StructClass.h; sourceTree = "<group>"; };
		1C47C994229A6B73000625D0 /* StructClass.m */ = {isa = PBXFileReference; explicitFileType = sourcecode.cpp.objcpp.preprocessed; path = StructClass.m; sourceTree = "<group>"; };
		1CC4C15520C76B4300AE0241 /* ClangDemo.app */ = {isa = PBXFileReference; explicitFileType = wrapper.application; includeInIndex = 0; path = ClangDemo.app; sourceTree = BUILT_PRODUCTS_DIR; };
		1CC4C15820C76B4300AE0241 /* AppDelegate.h */ = {isa = PBXFileReference; lastKnownFileType = sourcecode.c.h; path = AppDelegate.h; sourceTree = "<group>"; };
		1CC4C15920C76B4300AE0241 /* AppDelegate.m */ = {isa = PBXFileReference; lastKnownFileType = sourcecode.c.objc; path = AppDelegate.m; sourceTree = "<group>"; };
		1CC4C15B20C76B4300AE0241 /* ViewController.h */ = {isa = PBXFileReference; lastKnownFileType = sourcecode.c.h; path = ViewController.h; sourceTree = "<group>"; };
		1CC4C15C20C76B4300AE0241 /* ViewController.m */ = {isa = PBXFileReference; explicitFileType = sourcecode.cpp.objcpp.preprocessed; path = ViewController.m; sourceTree = "<group>"; };
		1CC4C15F20C76B4300AE0241 /* Base */ = {isa = PBXFileReference; lastKnownFileType = file.storyboard; name = Base; path = Base.lproj/Main.storyboard; sourceTree = "<group>"; };
		1CC4C16120C76B4400AE0241 /* Assets.xcassets */ = {isa = PBXFileReference; lastKnownFileType = folder.assetcatalog; path = Assets.xcassets; sourceTree = "<group>"; };
		1CC4C16420C76B4400AE0241 /* Base */ = {isa = PBXFileReference; lastKnownFileType = file.storyboard; name = Base; path = Base.lproj/LaunchScreen.storyboard; sourceTree = "<group>"; };
		1CC4C16620C76B4400AE0241 /* Info.plist */ = {isa = PBXFileReference; lastKnownFileType = text.plist.xml; path = Info.plist; sourceTree = "<group>"; };
		1CC4C16720C76B4400AE0241 /* main.m */ = {isa = PBXFileReference; lastKnownFileType = sourcecode.c.objc; path = main.m; sourceTree = "<group>"; };
		1CC4C16D20C76B4500AE0241 /* ClangDemoTests.xctest */ = {isa = PBXFileReference; explicitFileType = wrapper.cfbundle; includeInIndex = 0; path = ClangDemoTests.xctest; sourceTree = BUILT_PRODUCTS_DIR; };
		1CC4C17120C76B4500AE0241 /* ClangDemoTests.m */ = {isa = PBXFileReference; lastKnownFileType = sourcecode.c.objc; path = ClangDemoTests.m; sourceTree = "<group>"; };
		1CC4C17320C76B4500AE0241 /* Info.plist */ = {isa = PBXFileReference; lastKnownFileType = text.plist.xml; path = Info.plist; sourceTree = "<group>"; };
		1CC4C17820C76B4500AE0241 /* ClangDemoUITests.xctest */ = {isa = PBXFileReference; explicitFileType = wrapper.cfbundle; includeInIndex = 0; path = ClangDemoUITests.xctest; sourceTree = BUILT_PRODUCTS_DIR; };
		1CC4C17C20C76B4500AE0241 /* ClangDemoUITests.m */ = {isa = PBXFileReference; lastKnownFileType = sourcecode.c.objc; path = ClangDemoUITests.m; sourceTree = "<group>"; };
		1CC4C17E20C76B4500AE0241 /* Info.plist */ = {isa = PBXFileReference; lastKnownFileType = text.plist.xml; path = Info.plist; sourceTree = "<group>"; };
		1CC4C18B20C76B5D00AE0241 /* EOCEmpType.h */ = {isa = PBXFileReference; lastKnownFileType = sourcecode.c.h; path = EOCEmpType.h; sourceTree = "<group>"; };
		1CC4C18C20C76B5D00AE0241 /* EOCEmpType.m */ = {isa = PBXFileReference; lastKnownFileType = sourcecode.c.objc; path = EOCEmpType.m; sourceTree = "<group>"; };
		1CF6F0F9229A382500F7008C /* PointerTest.h */ = {isa = PBXFileReference; lastKnownFileType = sourcecode.c.h; path = PointerTest.h; sourceTree = "<group>"; };
		1CF6F0FA229A382500F7008C /* PointerTest.c */ = {isa = PBXFileReference; explicitFileType = sourcecode.cpp.objcpp.preprocessed; path = PointerTest.c; sourceTree = "<group>"; };
/* End PBXFileReference section */

/* Begin PBXFrameworksBuildPhase section */
		1CC4C15220C76B4300AE0241 /* Frameworks */ = {
			isa = PBXFrameworksBuildPhase;
			buildActionMask = 2147483647;
			files = (
			);
			runOnlyForDeploymentPostprocessing = 0;
		};
		1CC4C16A20C76B4500AE0241 /* Frameworks */ = {
			isa = PBXFrameworksBuildPhase;
			buildActionMask = 2147483647;
			files = (
			);
			runOnlyForDeploymentPostprocessing = 0;
		};
		1CC4C17520C76B4500AE0241 /* Frameworks */ = {
			isa = PBXFrameworksBuildPhase;
			buildActionMask = 2147483647;
			files = (
			);
			runOnlyForDeploymentPostprocessing = 0;
		};
/* End PBXFrameworksBuildPhase section */

/* Begin PBXGroup section */
		1CC4C14C20C76B4300AE0241 = {
			isa = PBXGroup;
			children = (
				1CC4C15720C76B4300AE0241 /* ClangDemo */,
				1CC4C17020C76B4500AE0241 /* ClangDemoTests */,
				1CC4C17B20C76B4500AE0241 /* ClangDemoUITests */,
				1CC4C15620C76B4300AE0241 /* Products */,
			);
			sourceTree = "<group>";
		};
		1CC4C15620C76B4300AE0241 /* Products */ = {
			isa = PBXGroup;
			children = (
				1CC4C15520C76B4300AE0241 /* ClangDemo.app */,
				1CC4C16D20C76B4500AE0241 /* ClangDemoTests.xctest */,
				1CC4C17820C76B4500AE0241 /* ClangDemoUITests.xctest */,
			);
			name = Products;
			sourceTree = "<group>";
		};
		1CC4C15720C76B4300AE0241 /* ClangDemo */ = {
			isa = PBXGroup;
			children = (
				1CF6F0FC229A52F600F7008C /* CStruct */,
				1CF6F0F8229A36E600F7008C /* CPointer */,
				1CC4C18A20C76B4D00AE0241 /* EOCEmpType */,
				1CC4C15820C76B4300AE0241 /* AppDelegate.h */,
				1CC4C15920C76B4300AE0241 /* AppDelegate.m */,
				1CC4C15B20C76B4300AE0241 /* ViewController.h */,
				1CC4C15C20C76B4300AE0241 /* ViewController.m */,
				1CC4C15E20C76B4300AE0241 /* Main.storyboard */,
				1CC4C16120C76B4400AE0241 /* Assets.xcassets */,
				1CC4C16320C76B4400AE0241 /* LaunchScreen.storyboard */,
				1CC4C16620C76B4400AE0241 /* Info.plist */,
				1CC4C16720C76B4400AE0241 /* main.m */,
			);
			path = ClangDemo;
			sourceTree = "<group>";
		};
		1CC4C17020C76B4500AE0241 /* ClangDemoTests */ = {
			isa = PBXGroup;
			children = (
				1CC4C17120C76B4500AE0241 /* ClangDemoTests.m */,
				1CC4C17320C76B4500AE0241 /* Info.plist */,
			);
			path = ClangDemoTests;
			sourceTree = "<group>";
		};
		1CC4C17B20C76B4500AE0241 /* ClangDemoUITests */ = {
			isa = PBXGroup;
			children = (
				1CC4C17C20C76B4500AE0241 /* ClangDemoUITests.m */,
				1CC4C17E20C76B4500AE0241 /* Info.plist */,
			);
			path = ClangDemoUITests;
			sourceTree = "<group>";
		};
		1CC4C18A20C76B4D00AE0241 /* EOCEmpType */ = {
			isa = PBXGroup;
			children = (
				1CC4C18B20C76B5D00AE0241 /* EOCEmpType.h */,
				1CC4C18C20C76B5D00AE0241 /* EOCEmpType.m */,
			);
			path = EOCEmpType;
			sourceTree = "<group>";
		};
		1CF6F0F8229A36E600F7008C /* CPointer */ = {
			isa = PBXGroup;
			children = (
				1CF6F0F9229A382500F7008C /* PointerTest.h */,
				1CF6F0FA229A382500F7008C /* PointerTest.c */,
			);
			path = CPointer;
			sourceTree = "<group>";
		};
		1CF6F0FC229A52F600F7008C /* CStruct */ = {
			isa = PBXGroup;
			children = (
				1C47C993229A6B73000625D0 /* StructClass.h */,
				1C47C994229A6B73000625D0 /* StructClass.m */,
			);
			path = CStruct;
			sourceTree = "<group>";
		};
/* End PBXGroup section */

/* Begin PBXNativeTarget section */
		1CC4C15420C76B4300AE0241 /* ClangDemo */ = {
			isa = PBXNativeTarget;
			buildConfigurationList = 1CC4C18120C76B4500AE0241 /* Build configuration list for PBXNativeTarget "ClangDemo" */;
			buildPhases = (
				1CC4C15120C76B4300AE0241 /* Sources */,
				1CC4C15220C76B4300AE0241 /* Frameworks */,
				1CC4C15320C76B4300AE0241 /* Resources */,
			);
			buildRules = (
			);
			dependencies = (
			);
			name = ClangDemo;
			productName = ClangDemo;
			productReference = 1CC4C15520C76B4300AE0241 /* ClangDemo.app */;
			productType = "com.apple.product-type.application";
		};
		1CC4C16C20C76B4500AE0241 /* ClangDemoTests */ = {
			isa = PBXNativeTarget;
			buildConfigurationList = 1CC4C18420C76B4500AE0241 /* Build configuration list for PBXNativeTarget "ClangDemoTests" */;
			buildPhases = (
				1CC4C16920C76B4500AE0241 /* Sources */,
				1CC4C16A20C76B4500AE0241 /* Frameworks */,
				1CC4C16B20C76B4500AE0241 /* Resources */,
			);
			buildRules = (
			);
			dependencies = (
				1CC4C16F20C76B4500AE0241 /* PBXTargetDependency */,
			);
			name = ClangDemoTests;
			productName = ClangDemoTests;
			productReference = 1CC4C16D20C76B4500AE0241 /* ClangDemoTests.xctest */;
			productType = "com.apple.product-type.bundle.unit-test";
		};
		1CC4C17720C76B4500AE0241 /* ClangDemoUITests */ = {
			isa = PBXNativeTarget;
			buildConfigurationList = 1CC4C18720C76B4500AE0241 /* Build configuration list for PBXNativeTarget "ClangDemoUITests" */;
			buildPhases = (
				1CC4C17420C76B4500AE0241 /* Sources */,
				1CC4C17520C76B4500AE0241 /* Frameworks */,
				1CC4C17620C76B4500AE0241 /* Resources */,
			);
			buildRules = (
			);
			dependencies = (
				1CC4C17A20C76B4500AE0241 /* PBXTargetDependency */,
			);
			name = ClangDemoUITests;
			productName = ClangDemoUITests;
			productReference = 1CC4C17820C76B4500AE0241 /* ClangDemoUITests.xctest */;
			productType = "com.apple.product-type.bundle.ui-testing";
		};
/* End PBXNativeTarget section */

/* Begin PBXProject section */
		1CC4C14D20C76B4300AE0241 /* Project object */ = {
			isa = PBXProject;
			attributes = {
				LastUpgradeCheck = 0940;
				ORGANIZATIONNAME = "兰州北科维拓科技股份有限公司";
				TargetAttributes = {
					1CC4C15420C76B4300AE0241 = {
						CreatedOnToolsVersion = 9.4;
					};
					1CC4C16C20C76B4500AE0241 = {
						CreatedOnToolsVersion = 9.4;
						TestTargetID = 1CC4C15420C76B4300AE0241;
					};
					1CC4C17720C76B4500AE0241 = {
						CreatedOnToolsVersion = 9.4;
						TestTargetID = 1CC4C15420C76B4300AE0241;
					};
				};
			};
			buildConfigurationList = 1CC4C15020C76B4300AE0241 /* Build configuration list for PBXProject "ClangDemo" */;
			compatibilityVersion = "Xcode 9.3";
			developmentRegion = en;
			hasScannedForEncodings = 0;
			knownRegions = (
				en,
				Base,
			);
			mainGroup = 1CC4C14C20C76B4300AE0241;
			productRefGroup = 1CC4C15620C76B4300AE0241 /* Products */;
			projectDirPath = "";
			projectRoot = "";
			targets = (
				1CC4C15420C76B4300AE0241 /* ClangDemo */,
				1CC4C16C20C76B4500AE0241 /* ClangDemoTests */,
				1CC4C17720C76B4500AE0241 /* ClangDemoUITests */,
			);
		};
/* End PBXProject section */

/* Begin PBXResourcesBuildPhase section */
		1CC4C15320C76B4300AE0241 /* Resources */ = {
			isa = PBXResourcesBuildPhase;
			buildActionMask = 2147483647;
			files = (
				1CC4C16520C76B4400AE0241 /* LaunchScreen.storyboard in Resources */,
				1CC4C16220C76B4400AE0241 /* Assets.xcassets in Resources */,
				1CC4C16020C76B4300AE0241 /* Main.storyboard in Resources */,
			);
			runOnlyForDeploymentPostprocessing = 0;
		};
		1CC4C16B20C76B4500AE0241 /* Resources */ = {
			isa = PBXResourcesBuildPhase;
			buildActionMask = 2147483647;
			files = (
			);
			runOnlyForDeploymentPostprocessing = 0;
		};
		1CC4C17620C76B4500AE0241 /* Resources */ = {
			isa = PBXResourcesBuildPhase;
			buildActionMask = 2147483647;
			files = (
			);
			runOnlyForDeploymentPostprocessing = 0;
		};
/* End PBXResourcesBuildPhase section */

/* Begin PBXSourcesBuildPhase section */
		1CC4C15120C76B4300AE0241 /* Sources */ = {
			isa = PBXSourcesBuildPhase;
			buildActionMask = 2147483647;
			files = (
				1CC4C15D20C76B4300AE0241 /* ViewController.m in Sources */,
				1CC4C16820C76B4400AE0241 /* main.m in Sources */,
				1CF6F0FB229A382500F7008C /* PointerTest.c in Sources */,
				1C47C995229A6B73000625D0 /* StructClass.m in Sources */,
				1CC4C18D20C76B5D00AE0241 /* EOCEmpType.m in Sources */,
				1CC4C15A20C76B4300AE0241 /* AppDelegate.m in Sources */,
			);
			runOnlyForDeploymentPostprocessing = 0;
		};
		1CC4C16920C76B4500AE0241 /* Sources */ = {
			isa = PBXSourcesBuildPhase;
			buildActionMask = 2147483647;
			files = (
				1CC4C17220C76B4500AE0241 /* ClangDemoTests.m in Sources */,
			);
			runOnlyForDeploymentPostprocessing = 0;
		};
		1CC4C17420C76B4500AE0241 /* Sources */ = {
			isa = PBXSourcesBuildPhase;
			buildActionMask = 2147483647;
			files = (
				1CC4C17D20C76B4500AE0241 /* ClangDemoUITests.m in Sources */,
			);
			runOnlyForDeploymentPostprocessing = 0;
		};
/* End PBXSourcesBuildPhase section */

/* Begin PBXTargetDependency section */
		1CC4C16F20C76B4500AE0241 /* PBXTargetDependency */ = {
			isa = PBXTargetDependency;
			target = 1CC4C15420C76B4300AE0241 /* ClangDemo */;
			targetProxy = 1CC4C16E20C76B4500AE0241 /* PBXContainerItemProxy */;
		};
		1CC4C17A20C76B4500AE0241 /* PBXTargetDependency */ = {
			isa = PBXTargetDependency;
			target = 1CC4C15420C76B4300AE0241 /* ClangDemo */;
			targetProxy = 1CC4C17920C76B4500AE0241 /* PBXContainerItemProxy */;
		};
/* End PBXTargetDependency section */

/* Begin PBXVariantGroup section */
		1CC4C15E20C76B4300AE0241 /* Main.storyboard */ = {
			isa = PBXVariantGroup;
			children = (
				1CC4C15F20C76B4300AE0241 /* Base */,
			);
			name = Main.storyboard;
			sourceTree = "<group>";
		};
		1CC4C16320C76B4400AE0241 /* LaunchScreen.storyboard */ = {
			isa = PBXVariantGroup;
			children = (
				1CC4C16420C76B4400AE0241 /* Base */,
			);
			name = LaunchScreen.storyboard;
			sourceTree = "<group>";
		};
/* End PBXVariantGroup section */

/* Begin XCBuildConfiguration section */
		1CC4C17F20C76B4500AE0241 /* Debug */ = {
			isa = XCBuildConfiguration;
			buildSettings = {
				ALWAYS_SEARCH_USER_PATHS = NO;
				CLANG_ANALYZER_NONNULL = YES;
				CLANG_ANALYZER_NUMBER_OBJECT_CONVERSION = YES_AGGRESSIVE;
				CLANG_CXX_LANGUAGE_STANDARD = "gnu++14";
				CLANG_CXX_LIBRARY = "libc++";
				CLANG_ENABLE_MODULES = YES;
				CLANG_ENABLE_OBJC_ARC = YES;
				CLANG_ENABLE_OBJC_WEAK = YES;
				CLANG_WARN_BLOCK_CAPTURE_AUTORELEASING = YES;
				CLANG_WARN_BOOL_CONVERSION = YES;
				CLANG_WARN_COMMA = YES;
				CLANG_WARN_CONSTANT_CONVERSION = YES;
				CLANG_WARN_DEPRECATED_OBJC_IMPLEMENTATIONS = YES;
				CLANG_WARN_DIRECT_OBJC_ISA_USAGE = YES_ERROR;
				CLANG_WARN_DOCUMENTATION_COMMENTS = YES;
				CLANG_WARN_EMPTY_BODY = YES;
				CLANG_WARN_ENUM_CONVERSION = YES;
				CLANG_WARN_INFINITE_RECURSION = YES;
				CLANG_WARN_INT_CONVERSION = YES;
				CLANG_WARN_NON_LITERAL_NULL_CONVERSION = YES;
				CLANG_WARN_OBJC_IMPLICIT_RETAIN_SELF = YES;
				CLANG_WARN_OBJC_LITERAL_CONVERSION = YES;
				CLANG_WARN_OBJC_ROOT_CLASS = YES_ERROR;
				CLANG_WARN_RANGE_LOOP_ANALYSIS = YES;
				CLANG_WARN_STRICT_PROTOTYPES = YES;
				CLANG_WARN_SUSPICIOUS_MOVE = YES;
				CLANG_WARN_UNGUARDED_AVAILABILITY = YES_AGGRESSIVE;
				CLANG_WARN_UNREACHABLE_CODE = YES;
				CLANG_WARN__DUPLICATE_METHOD_MATCH = YES;
				CODE_SIGN_IDENTITY = "iPhone Developer";
				COPY_PHASE_STRIP = NO;
				DEBUG_INFORMATION_FORMAT = dwarf;
				ENABLE_STRICT_OBJC_MSGSEND = YES;
				ENABLE_TESTABILITY = YES;
				GCC_C_LANGUAGE_STANDARD = gnu11;
				GCC_DYNAMIC_NO_PIC = NO;
				GCC_NO_COMMON_BLOCKS = YES;
				GCC_OPTIMIZATION_LEVEL = 0;
				GCC_PREPROCESSOR_DEFINITIONS = (
					"DEBUG=1",
					"$(inherited)",
				);
				GCC_WARN_64_TO_32_BIT_CONVERSION = YES;
				GCC_WARN_ABOUT_RETURN_TYPE = YES_ERROR;
				GCC_WARN_UNDECLARED_SELECTOR = YES;
				GCC_WARN_UNINITIALIZED_AUTOS = YES_AGGRESSIVE;
				GCC_WARN_UNUSED_FUNCTION = YES;
				GCC_WARN_UNUSED_VARIABLE = YES;
				IPHONEOS_DEPLOYMENT_TARGET = 11.4;
				MTL_ENABLE_DEBUG_INFO = YES;
				ONLY_ACTIVE_ARCH = YES;
				SDKROOT = iphoneos;
			};
			name = Debug;
		};
		1CC4C18020C76B4500AE0241 /* Release */ = {
			isa = XCBuildConfiguration;
			buildSettings = {
				ALWAYS_SEARCH_USER_PATHS = NO;
				CLANG_ANALYZER_NONNULL = YES;
				CLANG_ANALYZER_NUMBER_OBJECT_CONVERSION = YES_AGGRESSIVE;
				CLANG_CXX_LANGUAGE_STANDARD = "gnu++14";
				CLANG_CXX_LIBRARY = "libc++";
				CLANG_ENABLE_MODULES = YES;
				CLANG_ENABLE_OBJC_ARC = YES;
				CLANG_ENABLE_OBJC_WEAK = YES;
				CLANG_WARN_BLOCK_CAPTURE_AUTORELEASING = YES;
				CLANG_WARN_BOOL_CONVERSION = YES;
				CLANG_WARN_COMMA = YES;
				CLANG_WARN_CONSTANT_CONVERSION = YES;
				CLANG_WARN_DEPRECATED_OBJC_IMPLEMENTATIONS = YES;
				CLANG_WARN_DIRECT_OBJC_ISA_USAGE = YES_ERROR;
				CLANG_WARN_DOCUMENTATION_COMMENTS = YES;
				CLANG_WARN_EMPTY_BODY = YES;
				CLANG_WARN_ENUM_CONVERSION = YES;
				CLANG_WARN_INFINITE_RECURSION = YES;
				CLANG_WARN_INT_CONVERSION = YES;
				CLANG_WARN_NON_LITERAL_NULL_CONVERSION = YES;
				CLANG_WARN_OBJC_IMPLICIT_RETAIN_SELF = YES;
				CLANG_WARN_OBJC_LITERAL_CONVERSION = YES;
				CLANG_WARN_OBJC_ROOT_CLASS = YES_ERROR;
				CLANG_WARN_RANGE_LOOP_ANALYSIS = YES;
				CLANG_WARN_STRICT_PROTOTYPES = YES;
				CLANG_WARN_SUSPICIOUS_MOVE = YES;
				CLANG_WARN_UNGUARDED_AVAILABILITY = YES_AGGRESSIVE;
				CLANG_WARN_UNREACHABLE_CODE = YES;
				CLANG_WARN__DUPLICATE_METHOD_MATCH = YES;
				CODE_SIGN_IDENTITY = "iPhone Developer";
				COPY_PHASE_STRIP = NO;
				DEBUG_INFORMATION_FORMAT = "dwarf-with-dsym";
				ENABLE_NS_ASSERTIONS = NO;
				ENABLE_STRICT_OBJC_MSGSEND = YES;
				GCC_C_LANGUAGE_STANDARD = gnu11;
				GCC_NO_COMMON_BLOCKS = YES;
				GCC_WARN_64_TO_32_BIT_CONVERSION = YES;
				GCC_WARN_ABOUT_RETURN_TYPE = YES_ERROR;
				GCC_WARN_UNDECLARED_SELECTOR = YES;
				GCC_WARN_UNINITIALIZED_AUTOS = YES_AGGRESSIVE;
				GCC_WARN_UNUSED_FUNCTION = YES;
				GCC_WARN_UNUSED_VARIABLE = YES;
				IPHONEOS_DEPLOYMENT_TARGET = 11.4;
				MTL_ENABLE_DEBUG_INFO = NO;
				SDKROOT = iphoneos;
				VALIDATE_PRODUCT = YES;
			};
			name = Release;
		};
		1CC4C18220C76B4500AE0241 /* Debug */ = {
			isa = XCBuildConfiguration;
			buildSettings = {
				ASSETCATALOG_COMPILER_APPICON_NAME = AppIcon;
				CODE_SIGN_STYLE = Automatic;
				DEVELOPMENT_TEAM = PNQSRNMX9W;
				INFOPLIST_FILE = ClangDemo/Info.plist;
				LD_RUNPATH_SEARCH_PATHS = (
					"$(inherited)",
					"@executable_path/Frameworks",
				);
				PRODUCT_BUNDLE_IDENTIFIER = "----rp.wang.ClangDemo";
				PRODUCT_NAME = "$(TARGET_NAME)";
				TARGETED_DEVICE_FAMILY = "1,2";
			};
			name = Debug;
		};
		1CC4C18320C76B4500AE0241 /* Release */ = {
			isa = XCBuildConfiguration;
			buildSettings = {
				ASSETCATALOG_COMPILER_APPICON_NAME = AppIcon;
				CODE_SIGN_STYLE = Automatic;
				DEVELOPMENT_TEAM = PNQSRNMX9W;
				INFOPLIST_FILE = ClangDemo/Info.plist;
				LD_RUNPATH_SEARCH_PATHS = (
					"$(inherited)",
					"@executable_path/Frameworks",
				);
				PRODUCT_BUNDLE_IDENTIFIER = "----rp.wang.ClangDemo";
				PRODUCT_NAME = "$(TARGET_NAME)";
				TARGETED_DEVICE_FAMILY = "1,2";
			};
			name = Release;
		};
		1CC4C18520C76B4500AE0241 /* Debug */ = {
			isa = XCBuildConfiguration;
			buildSettings = {
				BUNDLE_LOADER = "$(TEST_HOST)";
				CODE_SIGN_STYLE = Automatic;
				DEVELOPMENT_TEAM = PNQSRNMX9W;
				INFOPLIST_FILE = ClangDemoTests/Info.plist;
				LD_RUNPATH_SEARCH_PATHS = (
					"$(inherited)",
					"@executable_path/Frameworks",
					"@loader_path/Frameworks",
				);
				PRODUCT_BUNDLE_IDENTIFIER = "----rp.wang.ClangDemoTests";
				PRODUCT_NAME = "$(TARGET_NAME)";
				TARGETED_DEVICE_FAMILY = "1,2";
				TEST_HOST = "$(BUILT_PRODUCTS_DIR)/ClangDemo.app/ClangDemo";
			};
			name = Debug;
		};
		1CC4C18620C76B4500AE0241 /* Release */ = {
			isa = XCBuildConfiguration;
			buildSettings = {
				BUNDLE_LOADER = "$(TEST_HOST)";
				CODE_SIGN_STYLE = Automatic;
				DEVELOPMENT_TEAM = PNQSRNMX9W;
				INFOPLIST_FILE = ClangDemoTests/Info.plist;
				LD_RUNPATH_SEARCH_PATHS = (
					"$(inherited)",
					"@executable_path/Frameworks",
					"@loader_path/Frameworks",
				);
				PRODUCT_BUNDLE_IDENTIFIER = "----rp.wang.ClangDemoTests";
				PRODUCT_NAME = "$(TARGET_NAME)";
				TARGETED_DEVICE_FAMILY = "1,2";
				TEST_HOST = "$(BUILT_PRODUCTS_DIR)/ClangDemo.app/ClangDemo";
			};
			name = Release;
		};
		1CC4C18820C76B4500AE0241 /* Debug */ = {
			isa = XCBuildConfiguration;
			buildSettings = {
				CODE_SIGN_STYLE = Automatic;
				DEVELOPMENT_TEAM = PNQSRNMX9W;
				INFOPLIST_FILE = ClangDemoUITests/Info.plist;
				LD_RUNPATH_SEARCH_PATHS = (
					"$(inherited)",
					"@executable_path/Frameworks",
					"@loader_path/Frameworks",
				);
				PRODUCT_BUNDLE_IDENTIFIER = "----rp.wang.ClangDemoUITests";
				PRODUCT_NAME = "$(TARGET_NAME)";
				TARGETED_DEVICE_FAMILY = "1,2";
				TEST_TARGET_NAME = ClangDemo;
			};
			name = Debug;
		};
		1CC4C18920C76B4500AE0241 /* Release */ = {
			isa = XCBuildConfiguration;
			buildSettings = {
				CODE_SIGN_STYLE = Automatic;
				DEVELOPMENT_TEAM = PNQSRNMX9W;
				INFOPLIST_FILE = ClangDemoUITests/Info.plist;
				LD_RUNPATH_SEARCH_PATHS = (
					"$(inherited)",
					"@executable_path/Frameworks",
					"@loader_path/Frameworks",
				);
				PRODUCT_BUNDLE_IDENTIFIER = "----rp.wang.ClangDemoUITests";
				PRODUCT_NAME = "$(TARGET_NAME)";
				TARGETED_DEVICE_FAMILY = "1,2";
				TEST_TARGET_NAME = ClangDemo;
			};
			name = Release;
		};
/* End XCBuildConfiguration section */

/* Begin XCConfigurationList section */
		1CC4C15020C76B4300AE0241 /* Build configuration list for PBXProject "ClangDemo" */ = {
			isa = XCConfigurationList;
			buildConfigurations = (
				1CC4C17F20C76B4500AE0241 /* Debug */,
				1CC4C18020C76B4500AE0241 /* Release */,
			);
			defaultConfigurationIsVisible = 0;
			defaultConfigurationName = Release;
		};
		1CC4C18120C76B4500AE0241 /* Build configuration list for PBXNativeTarget "ClangDemo" */ = {
			isa = XCConfigurationList;
			buildConfigurations = (
				1CC4C18220C76B4500AE0241 /* Debug */,
				1CC4C18320C76B4500AE0241 /* Release */,
			);
			defaultConfigurationIsVisible = 0;
			defaultConfigurationName = Release;
		};
		1CC4C18420C76B4500AE0241 /* Build configuration list for PBXNativeTarget "ClangDemoTests" */ = {
			isa = XCConfigurationList;
			buildConfigurations = (
				1CC4C18520C76B4500AE0241 /* Debug */,
				1CC4C18620C76B4500AE0241 /* Release */,
			);
			defaultConfigurationIsVisible = 0;
			defaultConfigurationName = Release;
		};
		1CC4C18720C76B4500AE0241 /* Build configuration list for PBXNativeTarget "ClangDemoUITests" */ = {
			isa = XCConfigurationList;
			buildConfigurations = (
				1CC4C18820C76B4500AE0241 /* Debug */,
				1CC4C18920C76B4500AE0241 /* Release */,
			);
			defaultConfigurationIsVisible = 0;
			defaultConfigurationName = Release;
		};
/* End XCConfigurationList section */
	};
	rootObject = 1CC4C14D20C76B4300AE0241 /* Project object */;
}
